
Microsoft Visual Studio Solution File, Format Version 12.00
# Visual Studio Version 16
VisualStudioVersion = 16.0.30413.136
MinimumVisualStudioVersion = 10.0.40219.1
Project("{FAE04EC0-301F-11D3-BF4B-00C04F79EFBC}") = "Conditional_Statements", "Conditional_Statements.csproj", "{CAA7D966-A624-4F8F-914D-0D758334BDCB}"
EndProject
Global
	GlobalSection(SolutionConfigurationPlatforms) = preSolution
		Debug|Any CPU = Debug|Any CPU
		Release|Any CPU = Release|Any CPU
	EndGlobalSection
	GlobalSection(ProjectConfigurationPlatforms) = postSolution
		{CAA7D966-A624-4F8F-914D-0D758334BDCB}.Debug|Any CPU.ActiveCfg = Debug|Any CPU
		{CAA7D966-A624-4F8F-914D-0D758334BDCB}.Debug|Any CPU.Build.0 = Debug|Any CPU
		{CAA7D966-A624-4F8F-914D-0D758334BDCB}.Release|Any CPU.ActiveCfg = Release|Any CPU
		{CAA7D966-A624-4F8F-914D-0D758334BDCB}.Release|Any CPU.Build.0 = Release|Any CPU
	EndGlobalSection
	GlobalSection(SolutionProperties) = preSolution
		HideSolutionNode = FALSE
	EndGlobalSection
	GlobalSection(ExtensibilityGlobals) = postSolution
		SolutionGuid = {17A4E252-A39D-469C-AA52-831799F06DC2}
	EndGlobalSection
EndGlobal
